<?xml version="1.0" encoding="utf-8"?>
<Project ToolsVersion="4.0" xmlns="http://schemas.microsoft.com/developer/msbuild/2003">
  <ItemGroup>
    <Filter Include="Source Files">
      <UniqueIdentifier>{4FC737F1-C7A5-4376-A066-2A32D752A2FF}</UniqueIdentifier>
      <Extensions>cpp;c;cc;cxx;c++;cppm;ixx;def;odl;idl;hpj;bat;asm;asmx</Extensions>
    </Filter>
    <Filter Include="Header Files">
      <UniqueIdentifier>{93995380-89BD-4b04-88EB-625FBE52EBFB}</UniqueIdentifier>
      <Extensions>h;hh;hpp;hxx;h++;hm;inl;inc;ipp;xsd</Extensions>
    </Filter>
    <Filter Include="Resource Files">
      <UniqueIdentifier>{67DA6AB6-F800-4c08-8B7A-83BB121AAD01}</UniqueIdentifier>
      <Extensions>rc;ico;cur;bmp;dlg;rc2;rct;bin;rgs;gif;jpg;jpeg;jpe;resx;tiff;tif;png;wav;mfcribbon-ms</Extensions>
    </Filter>
    <Filter Include="Source Files\DB">
      <UniqueIdentifier>{9eec3ca3-2bb0-4ce5-ac6c-ebeedaacbae4}</UniqueIdentifier>
    </Filter>
    <Filter Include="Header Files\DB">
      <UniqueIdentifier>{11793423-f9f6-43a1-84af-ec5647f06a7b}</UniqueIdentifier>
    </Filter>
  </ItemGroup>
  <ItemGroup>
    <ClCompile Include="LoginForm.cpp">
      <Filter>Source Files</Filter>
    </ClCompile>
    <ClCompile Include="HomeForm.cpp">
      <Filter>Source Files</Filter>
    </ClCompile>
    <ClCompile Include="DBInteractions.cpp">
      <Filter>Source Files\DB</Filter>
    </ClCompile>
    <ClCompile Include="LoginDB.cpp">
      <Filter>Source Files\DB</Filter>
    </ClCompile>
    <ClCompile Include="SaleReport.cpp">
      <Filter>Source Files</Filter>
    </ClCompile>
    <ClCompile Include="NewSalesForm.cpp">
      <Filter>Source Files</Filter>
    </ClCompile>
  </ItemGroup>
  <ItemGroup>
    <ClInclude Include="LoginForm.h">
      <Filter>Header Files</Filter>
    </ClInclude>
    <ClInclude Include="HomeForm.h">
      <Filter>Header Files</Filter>
    </ClInclude>
    <ClInclude Include="DBInteractions.h">
      <Filter>Header Files\DB</Filter>
    </ClInclude>
    <ClInclude Include="LoginDB.h">
      <Filter>Header Files\DB</Filter>
    </ClInclude>
    <ClInclude Include="ProjectClr3Services.h">
      <Filter>Header Files\DB</Filter>
    </ClInclude>
    <ClInclude Include="SaleReport.h">
      <Filter>Header Files</Filter>
    </ClInclude>
    <ClInclude Include="NewSalesForm.h">
      <Filter>Header Files</Filter>
    </ClInclude>
  </ItemGroup>
</Project>